
Microsoft Visual Studio Solution File, Format Version 12.00
# Visual Studio Version 17
VisualStudioVersion = 17.5.33424.131
MinimumVisualStudioVersion = 10.0.40219.1
Project("{FAE04EC0-301F-11D3-BF4B-00C04F79EFBC}") = "go4work", "go4work\go4work.csproj", "{CD3B386F-0512-49E6-9F87-D839495BD030}"
EndProject
Global
	GlobalSection(SolutionConfigurationPlatforms) = preSolution
		Debug|Any CPU = Debug|Any CPU
		Release|Any CPU = Release|Any CPU
	EndGlobalSection
	GlobalSection(ProjectConfigurationPlatforms) = postSolution
		{CD3B386F-0512-49E6-9F87-D839495BD030}.Debug|Any CPU.ActiveCfg = Debug|Any CPU
		{CD3B386F-0512-49E6-9F87-D839495BD030}.Debug|Any CPU.Build.0 = Debug|Any CPU
		{CD3B386F-0512-49E6-9F87-D839495BD030}.Release|Any CPU.ActiveCfg = Release|Any CPU
		{CD3B386F-0512-49E6-9F87-D839495BD030}.Release|Any CPU.Build.0 = Release|Any CPU
	EndGlobalSection
	GlobalSection(SolutionProperties) = preSolution
		HideSolutionNode = FALSE
	EndGlobalSection
	GlobalSection(ExtensibilityGlobals) = postSolution
		SolutionGuid = {396BE62C-8D35-425A-BA20-A6C4CC0E8E15}
	EndGlobalSection
EndGlobal
